# THIS IS AN AUTOGENERATED FILE. DO NOT EDIT THIS FILE DIRECTLY.
# yarn lockfile v1


colors@^1.1.2:
  version "1.4.0"
  resolved "https://registry.npmjs.org/colors/-/colors-1.4.0.tgz#c50491479d4c1bdaed2c9ced32cf7c7dc2360f78"
  integrity sha512-a+UqTh4kgZg/SlGvfbzDHpgRu7AAQOmmqRHJnxhRZICKFUT91brVhNNt58CMWU9PsBbv3PDCZUHbVxuDiH2mtA==

template-colors-web@^1.0.0:
  version "1.0.0"
  resolved "https://registry.npmjs.org/template-colors-web/-/template-colors-web-1.0.0.tgz#3b27df8eedc8655648ae6ff1e3b8ffdc5be93623"
  integrity sha512-+FFb9/6DXNm817CmHvhM7v32lv5/8c+w5Kr3zwr/Pq/JRDs0E9w989o7/gVOA1zKMH9C9yobGOcWkJww2YWQTA==
  dependencies:
    colors "^1.1.2"
